// !$*UTF8*$!
{
	archiveVersion = 1;
	classes = {
	};
	objectVersion = 46;
	objects = {

/* Begin PBXBuildFile section */
		C167D1BE1C0A240000050B86 /* main.m in Sources */ = {isa = PBXBuildFile; fileRef = C167D1BD1C0A240000050B86 /* main.m */; };
		C167D1C11C0A240000050B86 /* AppDelegate.m in Sources */ = {isa = PBXBuildFile; fileRef = C167D1C01C0A240000050B86 /* AppDelegate.m */; };
		C167D1C41C0A240000050B86 /* MasterViewController.m in Sources */ = {isa = PBXBuildFile; fileRef = C167D1C31C0A240000050B86 /* MasterViewController.m */; };
		C167D1C71C0A240000050B86 /* DetailViewController.m in Sources */ = {isa = PBXBuildFile; fileRef = C167D1C61C0A240000050B86 /* DetailViewController.m */; };
		C167D1CA1C0A240000050B86 /* Main.storyboard in Resources */ = {isa = PBXBuildFile; fileRef = C167D1C81C0A240000050B86 /* Main.storyboard */; };
		C167D1CC1C0A240000050B86 /* Assets.xcassets in Resources */ = {isa = PBXBuildFile; fileRef = C167D1CB1C0A240000050B86 /* Assets.xcassets */; };
		C167D1CF1C0A240000050B86 /* LaunchScreen.storyboard in Resources */ = {isa = PBXBuildFile; fileRef = C167D1CD1C0A240000050B86 /* LaunchScreen.storyboard */; };
/* End PBXBuildFile section */

/* Begin PBXFileReference section */
		C167D1B91C0A240000050B86 /* NSTimerTest.app */ = {isa = PBXFileReference; explicitFileType = wrapper.application; includeInIndex = 0; path = NSTimerTest.app; sourceTree = BUILT_PRODUCTS_DIR; };
		C167D1BD1C0A240000050B86 /* main.m */ = {isa = PBXFileReference; lastKnownFileType = sourcecode.c.objc; path = main.m; sourceTree = "<group>"; };
		C167D1BF1C0A240000050B86 /* AppDelegate.h */ = {isa = PBXFileReference; lastKnownFileType = sourcecode.c.h; path = AppDelegate.h; sourceTree = "<group>"; };
		C167D1C01C0A240000050B86 /* AppDelegate.m */ = {isa = PBXFileReference; lastKnownFileType = sourcecode.c.objc; path = AppDelegate.m; sourceTree = "<group>"; };
		C167D1C21C0A240000050B86 /* MasterViewController.h */ = {isa = PBXFileReference; lastKnownFileType = sourcecode.c.h; path = MasterViewController.h; sourceTree = "<group>"; };
		C167D1C31C0A240000050B86 /* MasterViewController.m */ = {isa = PBXFileReference; lastKnownFileType = sourcecode.c.objc; path = MasterViewController.m; sourceTree = "<group>"; };
		C167D1C51C0A240000050B86 /* DetailViewController.h */ = {isa = PBXFileReference; lastKnownFileType = sourcecode.c.h; path = DetailViewController.h; sourceTree = "<group>"; };
		C167D1C61C0A240000050B86 /* DetailViewController.m */ = {isa = PBXFileReference; lastKnownFileType = sourcecode.c.objc; path = DetailViewController.m; sourceTree = "<group>"; };
		C167D1C91C0A240000050B86 /* Base */ = {isa = PBXFileReference; lastKnownFileType = file.storyboard; name = Base; path = Base.lproj/Main.storyboard; sourceTree = "<group>"; };
		C167D1CB1C0A240000050B86 /* Assets.xcassets */ = {isa = PBXFileReference; lastKnownFileType = folder.assetcatalog; path = Assets.xcassets; sourceTree = "<group>"; };
		C167D1CE1C0A240000050B86 /* Base */ = {isa = PBXFileReference; lastKnownFileType = file.storyboard; name = Base; path = Base.lproj/LaunchScreen.storyboard; sourceTree = "<group>"; };
		C167D1D01C0A240000050B86 /* Info.plist */ = {isa = PBXFileReference; lastKnownFileType = text.plist.xml; path = Info.plist; sourceTree = "<group>"; };
/* End PBXFileReference section */

/* Begin PBXFrameworksBuildPhase section */
		C167D1B61C0A240000050B86 /* Frameworks */ = {
			isa = PBXFrameworksBuildPhase;
			buildActionMask = 2147483647;
			files = (
			);
			runOnlyForDeploymentPostprocessing = 0;
		};
/* End PBXFrameworksBuildPhase section */

/* Begin PBXGroup section */
		C167D1B01C0A240000050B86 = {
			isa = PBXGroup;
			children = (
				C167D1BB1C0A240000050B86 /* NSTimerTest */,
				C167D1BA1C0A240000050B86 /* Products */,
			);
			sourceTree = "<group>";
		};
		C167D1BA1C0A240000050B86 /* Products */ = {
			isa = PBXGroup;
			children = (
				C167D1B91C0A240000050B86 /* NSTimerTest.app */,
			);
			name = Products;
			sourceTree = "<group>";
		};
		C167D1BB1C0A240000050B86 /* NSTimerTest */ = {
			isa = PBXGroup;
			children = (
				C167D1BF1C0A240000050B86 /* AppDelegate.h */,
				C167D1C01C0A240000050B86 /* AppDelegate.m */,
				C167D1C21C0A240000050B86 /* MasterViewController.h */,
				C167D1C31C0A240000050B86 /* MasterViewController.m */,
				C167D1C51C0A240000050B86 /* DetailViewController.h */,
				C167D1C61C0A240000050B86 /* DetailViewController.m */,
				C167D1C81C0A240000050B86 /* Main.storyboard */,
				C167D1CB1C0A240000050B86 /* Assets.xcassets */,
				C167D1CD1C0A240000050B86 /* LaunchScreen.storyboard */,
				C167D1D01C0A240000050B86 /* Info.plist */,
				C167D1BC1C0A240000050B86 /* Supporting Files */,
			);
			path = NSTimerTest;
			sourceTree = "<group>";
		};
		C167D1BC1C0A240000050B86 /* Supporting Files */ = {
			isa = PBXGroup;
			children = (
				C167D1BD1C0A240000050B86 /* main.m */,
			);
			name = "Supporting Files";
			sourceTree = "<group>";
		};
/* End PBXGroup section */

/* Begin PBXNativeTarget section */
		C167D1B81C0A240000050B86 /* NSTimerTest */ = {
			isa = PBXNativeTarget;
			buildConfigurationList = C167D1D31C0A240000050B86 /* Build configuration list for PBXNativeTarget "NSTimerTest" */;
			buildPhases = (
				C167D1B51C0A240000050B86 /* Sources */,
				C167D1B61C0A240000050B86 /* Frameworks */,
				C167D1B71C0A240000050B86 /* Resources */,
			);
			buildRules = (
			);
			dependencies = (
			);
			name = NSTimerTest;
			productName = NSTimerTest;
			productReference = C167D1B91C0A240000050B86 /* NSTimerTest.app */;
			productType = "com.apple.product-type.application";
		};
/* End PBXNativeTarget section */

/* Begin PBXProject section */
		C167D1B11C0A240000050B86 /* Project object */ = {
			isa = PBXProject;
			attributes = {
				LastUpgradeCheck = 0700;
				ORGANIZATIONNAME = pgpb.padilla;
				TargetAttributes = {
					C167D1B81C0A240000050B86 = {
						CreatedOnToolsVersion = 7.0;
					};
				};
			};
			buildConfigurationList = C167D1B41C0A240000050B86 /* Build configuration list for PBXProject "NSTimerTest" */;
			compatibilityVersion = "Xcode 3.2";
			developmentRegion = English;
			hasScannedForEncodings = 0;
			knownRegions = (
				en,
				Base,
			);
			mainGroup = C167D1B01C0A240000050B86;
			productRefGroup = C167D1BA1C0A240000050B86 /* Products */;
			projectDirPath = "";
			projectRoot = "";
			targets = (
				C167D1B81C0A240000050B86 /* NSTimerTest */,
			);
		};
/* End PBXProject section */

/* Begin PBXResourcesBuildPhase section */
		C167D1B71C0A240000050B86 /* Resources */ = {
			isa = PBXResourcesBuildPhase;
			buildActionMask = 2147483647;
			files = (
				C167D1CF1C0A240000050B86 /* LaunchScreen.storyboard in Resources */,
				C167D1CC1C0A240000050B86 /* Assets.xcassets in Resources */,
				C167D1CA1C0A240000050B86 /* Main.storyboard in Resources */,
			);
			runOnlyForDeploymentPostprocessing = 0;
		};
/* End PBXResourcesBuildPhase section */

/* Begin PBXSourcesBuildPhase section */
		C167D1B51C0A240000050B86 /* Sources */ = {
			isa = PBXSourcesBuildPhase;
			buildActionMask = 2147483647;
			files = (
				C167D1C11C0A240000050B86 /* AppDelegate.m in Sources */,
				C167D1C41C0A240000050B86 /* MasterViewController.m in Sources */,
				C167D1BE1C0A240000050B86 /* main.m in Sources */,
				C167D1C71C0A240000050B86 /* DetailViewController.m in Sources */,
			);
			runOnlyForDeploymentPostprocessing = 0;
		};
/* End PBXSourcesBuildPhase section */

/* Begin PBXVariantGroup section */
		C167D1C81C0A240000050B86 /* Main.storyboard */ = {
			isa = PBXVariantGroup;
			children = (
				C167D1C91C0A240000050B86 /* Base */,
			);
			name = Main.storyboard;
			sourceTree = "<group>";
		};
		C167D1CD1C0A240000050B86 /* LaunchScreen.storyboard */ = {
			isa = PBXVariantGroup;
			children = (
				C167D1CE1C0A240000050B86 /* Base */,
			);
			name = LaunchScreen.storyboard;
			sourceTree = "<group>";
		};
/* End PBXVariantGroup section */

/* Begin XCBuildConfiguration section */
		C167D1D11C0A240000050B86 /* Debug */ = {
			isa = XCBuildConfiguration;
			buildSettings = {
				ALWAYS_SEARCH_USER_PATHS = NO;
				CLANG_CXX_LANGUAGE_STANDARD = "gnu++0x";
				CLANG_CXX_LIBRARY = "libc++";
				CLANG_ENABLE_MODULES = YES;
				CLANG_ENABLE_OBJC_ARC = YES;
				CLANG_WARN_BOOL_CONVERSION = YES;
				CLANG_WARN_CONSTANT_CONVERSION = YES;
				CLANG_WARN_DIRECT_OBJC_ISA_USAGE = YES_ERROR;
				CLANG_WARN_EMPTY_BODY = YES;
				CLANG_WARN_ENUM_CONVERSION = YES;
				CLANG_WARN_INT_CONVERSION = YES;
				CLANG_WARN_OBJC_ROOT_CLASS = YES_ERROR;
				CLANG_WARN_UNREACHABLE_CODE = YES;
				CLANG_WARN__DUPLICATE_METHOD_MATCH = YES;
				"CODE_SIGN_IDENTITY[sdk=iphoneos*]" = "iPhone Developer";
				COPY_PHASE_STRIP = NO;
				DEBUG_INFORMATION_FORMAT = dwarf;
				ENABLE_STRICT_OBJC_MSGSEND = YES;
				ENABLE_TESTABILITY = YES;
				GCC_C_LANGUAGE_STANDARD = gnu99;
				GCC_DYNAMIC_NO_PIC = NO;
				GCC_NO_COMMON_BLOCKS = YES;
				GCC_OPTIMIZATION_LEVEL = 0;
				GCC_PREPROCESSOR_DEFINITIONS = (
					"DEBUG=1",
					"$(inherited)",
				);
				GCC_WARN_64_TO_32_BIT_CONVERSION = YES;
				GCC_WARN_ABOUT_RETURN_TYPE = YES_ERROR;
				GCC_WARN_UNDECLARED_SELECTOR = YES;
				GCC_WARN_UNINITIALIZED_AUTOS = YES_AGGRESSIVE;
				GCC_WARN_UNUSED_FUNCTION = YES;
				GCC_WARN_UNUSED_VARIABLE = YES;
				IPHONEOS_DEPLOYMENT_TARGET = 9.0;
				MTL_ENABLE_DEBUG_INFO = YES;
				ONLY_ACTIVE_ARCH = YES;
				SDKROOT = iphoneos;
				TARGETED_DEVICE_FAMILY = "1,2";
			};
			name = Debug;
		};
		C167D1D21C0A240000050B86 /* Release */ = {
			isa = XCBuildConfiguration;
			buildSettings = {
				ALWAYS_SEARCH_USER_PATHS = NO;
				CLANG_CXX_LANGUAGE_STANDARD = "gnu++0x";
				CLANG_CXX_LIBRARY = "libc++";
				CLANG_ENABLE_MODULES = YES;
				CLANG_ENABLE_OBJC_ARC = YES;
				CLANG_WARN_BOOL_CONVERSION = YES;
				CLANG_WARN_CONSTANT_CONVERSION = YES;
				CLANG_WARN_DIRECT_OBJC_ISA_USAGE = YES_ERROR;
				CLANG_WARN_EMPTY_BODY = YES;
				CLANG_WARN_ENUM_CONVERSION = YES;
				CLANG_WARN_INT_CONVERSION = YES;
				CLANG_WARN_OBJC_ROOT_CLASS = YES_ERROR;
				CLANG_WARN_UNREACHABLE_CODE = YES;
				CLANG_WARN__DUPLICATE_METHOD_MATCH = YES;
				"CODE_SIGN_IDENTITY[sdk=iphoneos*]" = "iPhone Developer";
				COPY_PHASE_STRIP = NO;
				DEBUG_INFORMATION_FORMAT = "dwarf-with-dsym";
				ENABLE_NS_ASSERTIONS = NO;
				ENABLE_STRICT_OBJC_MSGSEND = YES;
				GCC_C_LANGUAGE_STANDARD = gnu99;
				GCC_NO_COMMON_BLOCKS = YES;
				GCC_WARN_64_TO_32_BIT_CONVERSION = YES;
				GCC_WARN_ABOUT_RETURN_TYPE = YES_ERROR;
				GCC_WARN_UNDECLARED_SELECTOR = YES;
				GCC_WARN_UNINITIALIZED_AUTOS = YES_AGGRESSIVE;
				GCC_WARN_UNUSED_FUNCTION = YES;
				GCC_WARN_UNUSED_VARIABLE = YES;
				IPHONEOS_DEPLOYMENT_TARGET = 9.0;
				MTL_ENABLE_DEBUG_INFO = NO;
				SDKROOT = iphoneos;
				TARGETED_DEVICE_FAMILY = "1,2";
				VALIDATE_PRODUCT = YES;
			};
			name = Release;
		};
		C167D1D41C0A240000050B86 /* Debug */ = {
			isa = XCBuildConfiguration;
			buildSettings = {
				ASSETCATALOG_COMPILER_APPICON_NAME = AppIcon;
				INFOPLIST_FILE = NSTimerTest/Info.plist;
				LD_RUNPATH_SEARCH_PATHS = "$(inherited) @executable_path/Frameworks";
				PRODUCT_BUNDLE_IDENTIFIER = pgpb.padilla.NSTimerTest;
				PRODUCT_NAME = "$(TARGET_NAME)";
			};
			name = Debug;
		};
		C167D1D51C0A240000050B86 /* Release */ = {
			isa = XCBuildConfiguration;
			buildSettings = {
				ASSETCATALOG_COMPILER_APPICON_NAME = AppIcon;
				INFOPLIST_FILE = NSTimerTest/Info.plist;
				LD_RUNPATH_SEARCH_PATHS = "$(inherited) @executable_path/Frameworks";
				PRODUCT_BUNDLE_IDENTIFIER = pgpb.padilla.NSTimerTest;
				PRODUCT_NAME = "$(TARGET_NAME)";
			};
			name = Release;
		};
/* End XCBuildConfiguration section */

/* Begin XCConfigurationList section */
		C167D1B41C0A240000050B86 /* Build configuration list for PBXProject "NSTimerTest" */ = {
			isa = XCConfigurationList;
			buildConfigurations = (
				C167D1D11C0A240000050B86 /* Debug */,
				C167D1D21C0A240000050B86 /* Release */,
			);
			defaultConfigurationIsVisible = 0;
			defaultConfigurationName = Release;
		};
		C167D1D31C0A240000050B86 /* Build configuration list for PBXNativeTarget "NSTimerTest" */ = {
			isa = XCConfigurationList;
			buildConfigurations = (
				C167D1D41C0A240000050B86 /* Debug */,
				C167D1D51C0A240000050B86 /* Release */,
			);
			defaultConfigurationIsVisible = 0;
		};
/* End XCConfigurationList section */
	};
	rootObject = C167D1B11C0A240000050B86 /* Project object */;
}
